// !$*UTF8*$!
{
	archiveVersion = 1;
	classes = {
	};
	objectVersion = 46;
	objects = {

/* Begin PBXBuildFile section */
		2FFBC4EC1DF8EF190039A0E6 /* MapKit.framework in Frameworks */ = {isa = PBXBuildFile; fileRef = 2FFBC4EB1DF8EF190039A0E6 /* MapKit.framework */; };
		67563DCFE7C11C493D5E3BE0 /* Pods_wp.framework in Frameworks */ = {isa = PBXBuildFile; fileRef = DFB87B95C21847F47B3B5B8C /* Pods_wp.framework */; };
		ADC823AD840BA6E48877092D /* Pods_nineSister.framework in Frameworks */ = {isa = PBXBuildFile; fileRef = B94EA5E418699240B04889F4 /* Pods_nineSister.framework */; };
		B02DB25C1DF985B70044F910 /* libsqlite3.tbd in Frameworks */ = {isa = PBXBuildFile; fileRef = B02DB25B1DF985B70044F910 /* libsqlite3.tbd */; };
		B08673461DE5C4C0008DD8A1 /* libstdc++.tbd in Frameworks */ = {isa = PBXBuildFile; fileRef = B08673451DE5C4C0008DD8A1 /* libstdc++.tbd */; };
		BF8648D51E023AA600D9EFB4 /* libGeTuiSdk-1.4.3.a in Frameworks */ = {isa = PBXBuildFile; fileRef = BF8648D21E023A6900D9EFB4 /* libGeTuiSdk-1.4.3.a */; };
		BF87C3341E02368B0074D696 /* AppAPIHelper.swift in Sources */ = {isa = PBXBuildFile; fileRef = BF87C2E21E02368B0074D696 /* AppAPIHelper.swift */; };
		BF87C3381E02368B0074D696 /* BaseSocketAPI.swift in Sources */ = {isa = PBXBuildFile; fileRef = BF87C2E71E02368B0074D696 /* BaseSocketAPI.swift */; };
		BF87C33E1E02368B0074D696 /* SocketConst.swift in Sources */ = {isa = PBXBuildFile; fileRef = BF87C2ED1E02368B0074D696 /* SocketConst.swift */; };
		BF87C33F1E02368B0074D696 /* APISocketHelper.swift in Sources */ = {isa = PBXBuildFile; fileRef = BF87C2EF1E02368B0074D696 /* APISocketHelper.swift */; };
		BF87C3401E02368B0074D696 /* SocketDataPacket.swift in Sources */ = {isa = PBXBuildFile; fileRef = BF87C2F01E02368B0074D696 /* SocketDataPacket.swift */; };
		BF87C3411E02368B0074D696 /* SocketRequest.swift in Sources */ = {isa = PBXBuildFile; fileRef = BF87C2F11E02368B0074D696 /* SocketRequest.swift */; };
		BF87C3421E02368B0074D696 /* SocketRequestManage.swift in Sources */ = {isa = PBXBuildFile; fileRef = BF87C2F21E02368B0074D696 /* SocketRequestManage.swift */; };
		BF87C3431E02368B0074D696 /* SocketResponse.swift in Sources */ = {isa = PBXBuildFile; fileRef = BF87C2F31E02368B0074D696 /* SocketResponse.swift */; };
		BF87C3481E02368B0074D696 /* BaseCustomTableViewController.swift in Sources */ = {isa = PBXBuildFile; fileRef = BF87C2FA1E02368B0074D696 /* BaseCustomTableViewController.swift */; };
		BF87C3491E02368B0074D696 /* BaseTableViewController.swift in Sources */ = {isa = PBXBuildFile; fileRef = BF87C2FB1E02368B0074D696 /* BaseTableViewController.swift */; };
		BF87C34A1E02368B0074D696 /* SegmentedViewController.swift in Sources */ = {isa = PBXBuildFile; fileRef = BF87C2FC1E02368B0074D696 /* SegmentedViewController.swift */; };
		BF87C34B1E02368B0074D696 /* NSDateExt.swift in Sources */ = {isa = PBXBuildFile; fileRef = BF87C2FF1E02368B0074D696 /* NSDateExt.swift */; };
		BF87C34C1E02368B0074D696 /* String+Extension.swift in Sources */ = {isa = PBXBuildFile; fileRef = BF87C3001E02368B0074D696 /* String+Extension.swift */; };
		BF87C34D1E02368B0074D696 /* SVProgressHUDExt.swift in Sources */ = {isa = PBXBuildFile; fileRef = BF87C3011E02368B0074D696 /* SVProgressHUDExt.swift */; };
		BF87C34E1E02368B0074D696 /* UIFont+Extension.swift in Sources */ = {isa = PBXBuildFile; fileRef = BF87C3021E02368B0074D696 /* UIFont+Extension.swift */; };
		BF87C34F1E02368B0074D696 /* UIScreen+Extension.swift in Sources */ = {isa = PBXBuildFile; fileRef = BF87C3031E02368B0074D696 /* UIScreen+Extension.swift */; };
		BF87C3501E02368B0074D696 /* UITableView+Extension.swift in Sources */ = {isa = PBXBuildFile; fileRef = BF87C3041E02368B0074D696 /* UITableView+Extension.swift */; };
		BF87C3511E02368B0074D696 /* UIViewController+Extension.swift in Sources */ = {isa = PBXBuildFile; fileRef = BF87C3051E02368B0074D696 /* UIViewController+Extension.swift */; };
		BF87C3561E02368B0074D696 /* EmojiFaceHelper.swift in Sources */ = {isa = PBXBuildFile; fileRef = BF87C30B1E02368B0074D696 /* EmojiFaceHelper.swift */; };
		BF87C3571E02368B0074D696 /* TableViewHelper.swift in Sources */ = {isa = PBXBuildFile; fileRef = BF87C30C1E02368B0074D696 /* TableViewHelper.swift */; };
		BF87C3581E02368B0074D696 /* MJRefresh.bundle in Resources */ = {isa = PBXBuildFile; fileRef = BF87C30F1E02368B0074D696 /* MJRefresh.bundle */; };
		BF87C3591E02368B0074D696 /* OEZCommSDK.framework in Frameworks */ = {isa = PBXBuildFile; fileRef = BF87C3101E02368B0074D696 /* OEZCommSDK.framework */; };
		BF87C35A1E02368B0074D696 /* AppConst.swift in Sources */ = {isa = PBXBuildFile; fileRef = BF87C3121E02368B0074D696 /* AppConst.swift */; };
		BF87C35B1E02368B0074D696 /* BaseModel.swift in Sources */ = {isa = PBXBuildFile; fileRef = BF87C3161E02368B0074D696 /* BaseModel.swift */; };
		BF87C3611E02368B0074D696 /* AppDelegate.swift in Sources */ = {isa = PBXBuildFile; fileRef = BF87C31D1E02368B0074D696 /* AppDelegate.swift */; };
		BF87C3621E02368B0074D696 /* Info.plist in Resources */ = {isa = PBXBuildFile; fileRef = BF87C31E1E02368B0074D696 /* Info.plist */; };
		BF87C3631E02368B0074D696 /* Assets.xcassets in Resources */ = {isa = PBXBuildFile; fileRef = BF87C3201E02368B0074D696 /* Assets.xcassets */; };
		BF87C3641E02368B0074D696 /* LaunchScreen.storyboard in Resources */ = {isa = PBXBuildFile; fileRef = BF87C3211E02368B0074D696 /* LaunchScreen.storyboard */; };
		BF87C3651E02368B0074D696 /* Main.storyboard in Resources */ = {isa = PBXBuildFile; fileRef = BF87C3231E02368B0074D696 /* Main.storyboard */; };
		BF87C3661E02368B0074D696 /* city.plist in Resources */ = {isa = PBXBuildFile; fileRef = BF87C3251E02368B0074D696 /* city.plist */; };
		BF87C3671E02368B0074D696 /* errorcode.plist in Resources */ = {isa = PBXBuildFile; fileRef = BF87C3261E02368B0074D696 /* errorcode.plist */; };
		BF87C3681E02368B0074D696 /* MainTabBarController.swift in Sources */ = {isa = PBXBuildFile; fileRef = BF87C32B1E02368B0074D696 /* MainTabBarController.swift */; };
		BF87C3741E023A180074D696 /* CoreTelephony.framework in Frameworks */ = {isa = PBXBuildFile; fileRef = BF87C3731E023A180074D696 /* CoreTelephony.framework */; };
		BFA9FAB11DF6AEAE00E2A67C /* Fabric.framework in Frameworks */ = {isa = PBXBuildFile; fileRef = BFA9FAB01DF6AEAE00E2A67C /* Fabric.framework */; };
		BFA9FAB31DF6AEBF00E2A67C /* Crashlytics.framework in Frameworks */ = {isa = PBXBuildFile; fileRef = BFA9FAB21DF6AEBF00E2A67C /* Crashlytics.framework */; };
		BFC81E9E1DFA9E6600ADC291 /* UMMobClick.framework in Frameworks */ = {isa = PBXBuildFile; fileRef = BFC81E9D1DFA9E6600ADC291 /* UMMobClick.framework */; };
/* End PBXBuildFile section */

/* Begin PBXFileReference section */
		2FFBC4EB1DF8EF190039A0E6 /* MapKit.framework */ = {isa = PBXFileReference; lastKnownFileType = wrapper.framework; name = MapKit.framework; path = System/Library/Frameworks/MapKit.framework; sourceTree = SDKROOT; };
		34A71E9057EC9BB492D14F0B /* Pods-wp.debug.xcconfig */ = {isa = PBXFileReference; includeInIndex = 1; lastKnownFileType = text.xcconfig; name = "Pods-wp.debug.xcconfig"; path = "Pods/Target Support Files/Pods-wp/Pods-wp.debug.xcconfig"; sourceTree = "<group>"; };
		B02DB25B1DF985B70044F910 /* libsqlite3.tbd */ = {isa = PBXFileReference; lastKnownFileType = "sourcecode.text-based-dylib-definition"; name = libsqlite3.tbd; path = usr/lib/libsqlite3.tbd; sourceTree = SDKROOT; };
		B08673431DE5C4B6008DD8A1 /* libc++.tbd */ = {isa = PBXFileReference; lastKnownFileType = "sourcecode.text-based-dylib-definition"; name = "libc++.tbd"; path = "usr/lib/libc++.tbd"; sourceTree = SDKROOT; };
		B08673451DE5C4C0008DD8A1 /* libstdc++.tbd */ = {isa = PBXFileReference; lastKnownFileType = "sourcecode.text-based-dylib-definition"; name = "libstdc++.tbd"; path = "usr/lib/libstdc++.tbd"; sourceTree = SDKROOT; };
		B0CF59DD1DE5BEC300C40C9C /* wp.app */ = {isa = PBXFileReference; explicitFileType = wrapper.application; includeInIndex = 0; path = wp.app; sourceTree = BUILT_PRODUCTS_DIR; };
		B94EA5E418699240B04889F4 /* Pods_nineSister.framework */ = {isa = PBXFileReference; explicitFileType = wrapper.framework; includeInIndex = 0; path = Pods_nineSister.framework; sourceTree = BUILT_PRODUCTS_DIR; };
		B98FE441DF748DDEE0C03077 /* Pods-wp.release.xcconfig */ = {isa = PBXFileReference; includeInIndex = 1; lastKnownFileType = text.xcconfig; name = "Pods-wp.release.xcconfig"; path = "Pods/Target Support Files/Pods-wp/Pods-wp.release.xcconfig"; sourceTree = "<group>"; };
		BF8648D11E023A6900D9EFB4 /* GeTuiSdk.h */ = {isa = PBXFileReference; lastKnownFileType = sourcecode.c.h; path = GeTuiSdk.h; sourceTree = "<group>"; };
		BF8648D21E023A6900D9EFB4 /* libGeTuiSdk-1.4.3.a */ = {isa = PBXFileReference; lastKnownFileType = archive.ar; path = "libGeTuiSdk-1.4.3.a"; sourceTree = "<group>"; };
		BF8648D31E023A6900D9EFB4 /* LICENSE */ = {isa = PBXFileReference; lastKnownFileType = text; path = LICENSE; sourceTree = "<group>"; };
		BF8648D41E023A6900D9EFB4 /* README.md */ = {isa = PBXFileReference; lastKnownFileType = net.daringfireball.markdown; path = README.md; sourceTree = "<group>"; };
		BF87C2E21E02368B0074D696 /* AppAPIHelper.swift */ = {isa = PBXFileReference; fileEncoding = 4; lastKnownFileType = sourcecode.swift; path = AppAPIHelper.swift; sourceTree = "<group>"; };
		BF87C2E71E02368B0074D696 /* BaseSocketAPI.swift */ = {isa = PBXFileReference; fileEncoding = 4; lastKnownFileType = sourcecode.swift; path = BaseSocketAPI.swift; sourceTree = "<group>"; };
		BF87C2ED1E02368B0074D696 /* SocketConst.swift */ = {isa = PBXFileReference; fileEncoding = 4; lastKnownFileType = sourcecode.swift; path = SocketConst.swift; sourceTree = "<group>"; };
		BF87C2EF1E02368B0074D696 /* APISocketHelper.swift */ = {isa = PBXFileReference; fileEncoding = 4; lastKnownFileType = sourcecode.swift; path = APISocketHelper.swift; sourceTree = "<group>"; };
		BF87C2F01E02368B0074D696 /* SocketDataPacket.swift */ = {isa = PBXFileReference; fileEncoding = 4; lastKnownFileType = sourcecode.swift; path = SocketDataPacket.swift; sourceTree = "<group>"; };
		BF87C2F11E02368B0074D696 /* SocketRequest.swift */ = {isa = PBXFileReference; fileEncoding = 4; lastKnownFileType = sourcecode.swift; path = SocketRequest.swift; sourceTree = "<group>"; };
		BF87C2F21E02368B0074D696 /* SocketRequestManage.swift */ = {isa = PBXFileReference; fileEncoding = 4; lastKnownFileType = sourcecode.swift; path = SocketRequestManage.swift; sourceTree = "<group>"; };
		BF87C2F31E02368B0074D696 /* SocketResponse.swift */ = {isa = PBXFileReference; fileEncoding = 4; lastKnownFileType = sourcecode.swift; path = SocketResponse.swift; sourceTree = "<group>"; };
		BF87C2FA1E02368B0074D696 /* BaseCustomTableViewController.swift */ = {isa = PBXFileReference; fileEncoding = 4; lastKnownFileType = sourcecode.swift; path = BaseCustomTableViewController.swift; sourceTree = "<group>"; };
		BF87C2FB1E02368B0074D696 /* BaseTableViewController.swift */ = {isa = PBXFileReference; fileEncoding = 4; lastKnownFileType = sourcecode.swift; path = BaseTableViewController.swift; sourceTree = "<group>"; };
		BF87C2FC1E02368B0074D696 /* SegmentedViewController.swift */ = {isa = PBXFileReference; fileEncoding = 4; lastKnownFileType = sourcecode.swift; path = SegmentedViewController.swift; sourceTree = "<group>"; };
		BF87C2FF1E02368B0074D696 /* NSDateExt.swift */ = {isa = PBXFileReference; fileEncoding = 4; lastKnownFileType = sourcecode.swift; path = NSDateExt.swift; sourceTree = "<group>"; };
		BF87C3001E02368B0074D696 /* String+Extension.swift */ = {isa = PBXFileReference; fileEncoding = 4; lastKnownFileType = sourcecode.swift; path = "String+Extension.swift"; sourceTree = "<group>"; };
		BF87C3011E02368B0074D696 /* SVProgressHUDExt.swift */ = {isa = PBXFileReference; fileEncoding = 4; lastKnownFileType = sourcecode.swift; path = SVProgressHUDExt.swift; sourceTree = "<group>"; };
		BF87C3021E02368B0074D696 /* UIFont+Extension.swift */ = {isa = PBXFileReference; fileEncoding = 4; lastKnownFileType = sourcecode.swift; path = "UIFont+Extension.swift"; sourceTree = "<group>"; };
		BF87C3031E02368B0074D696 /* UIScreen+Extension.swift */ = {isa = PBXFileReference; fileEncoding = 4; lastKnownFileType = sourcecode.swift; path = "UIScreen+Extension.swift"; sourceTree = "<group>"; };
		BF87C3041E02368B0074D696 /* UITableView+Extension.swift */ = {isa = PBXFileReference; fileEncoding = 4; lastKnownFileType = sourcecode.swift; path = "UITableView+Extension.swift"; sourceTree = "<group>"; };
		BF87C3051E02368B0074D696 /* UIViewController+Extension.swift */ = {isa = PBXFileReference; fileEncoding = 4; lastKnownFileType = sourcecode.swift; path = "UIViewController+Extension.swift"; sourceTree = "<group>"; };
		BF87C30B1E02368B0074D696 /* EmojiFaceHelper.swift */ = {isa = PBXFileReference; fileEncoding = 4; lastKnownFileType = sourcecode.swift; path = EmojiFaceHelper.swift; sourceTree = "<group>"; };
		BF87C30C1E02368B0074D696 /* TableViewHelper.swift */ = {isa = PBXFileReference; fileEncoding = 4; lastKnownFileType = sourcecode.swift; path = TableViewHelper.swift; sourceTree = "<group>"; };
		BF87C30F1E02368B0074D696 /* MJRefresh.bundle */ = {isa = PBXFileReference; lastKnownFileType = "wrapper.plug-in"; path = MJRefresh.bundle; sourceTree = "<group>"; };
		BF87C3101E02368B0074D696 /* OEZCommSDK.framework */ = {isa = PBXFileReference; lastKnownFileType = wrapper.framework; path = OEZCommSDK.framework; sourceTree = "<group>"; };
		BF87C3121E02368B0074D696 /* AppConst.swift */ = {isa = PBXFileReference; fileEncoding = 4; lastKnownFileType = sourcecode.swift; path = AppConst.swift; sourceTree = "<group>"; };
		BF87C3161E02368B0074D696 /* BaseModel.swift */ = {isa = PBXFileReference; fileEncoding = 4; lastKnownFileType = sourcecode.swift; path = BaseModel.swift; sourceTree = "<group>"; };
		BF87C31D1E02368B0074D696 /* AppDelegate.swift */ = {isa = PBXFileReference; fileEncoding = 4; lastKnownFileType = sourcecode.swift; path = AppDelegate.swift; sourceTree = "<group>"; };
		BF87C31E1E02368B0074D696 /* Info.plist */ = {isa = PBXFileReference; fileEncoding = 4; lastKnownFileType = text.plist.xml; path = Info.plist; sourceTree = "<group>"; };
		BF87C3201E02368B0074D696 /* Assets.xcassets */ = {isa = PBXFileReference; lastKnownFileType = folder.assetcatalog; path = Assets.xcassets; sourceTree = "<group>"; };
		BF87C3221E02368B0074D696 /* Base */ = {isa = PBXFileReference; lastKnownFileType = file.storyboard; name = Base; path = Base.lproj/LaunchScreen.storyboard; sourceTree = "<group>"; };
		BF87C3241E02368B0074D696 /* Base */ = {isa = PBXFileReference; lastKnownFileType = file.storyboard; name = Base; path = Base.lproj/Main.storyboard; sourceTree = "<group>"; };
		BF87C3251E02368B0074D696 /* city.plist */ = {isa = PBXFileReference; fileEncoding = 4; lastKnownFileType = text.plist.xml; path = city.plist; sourceTree = "<group>"; };
		BF87C3261E02368B0074D696 /* errorcode.plist */ = {isa = PBXFileReference; fileEncoding = 4; lastKnownFileType = text.plist.xml; path = errorcode.plist; sourceTree = "<group>"; };
		BF87C32B1E02368B0074D696 /* MainTabBarController.swift */ = {isa = PBXFileReference; fileEncoding = 4; lastKnownFileType = sourcecode.swift; path = MainTabBarController.swift; sourceTree = "<group>"; };
		BF87C3721E0238560074D696 /* nineSister-Bridging-Header.h */ = {isa = PBXFileReference; lastKnownFileType = sourcecode.c.h; path = "nineSister-Bridging-Header.h"; sourceTree = "<group>"; };
		BF87C3731E023A180074D696 /* CoreTelephony.framework */ = {isa = PBXFileReference; lastKnownFileType = wrapper.framework; name = CoreTelephony.framework; path = System/Library/Frameworks/CoreTelephony.framework; sourceTree = SDKROOT; };
		BFA9FAB01DF6AEAE00E2A67C /* Fabric.framework */ = {isa = PBXFileReference; lastKnownFileType = wrapper.framework; name = Fabric.framework; path = Pods/Fabric/Fabric.framework; sourceTree = "<group>"; };
		BFA9FAB21DF6AEBF00E2A67C /* Crashlytics.framework */ = {isa = PBXFileReference; lastKnownFileType = wrapper.framework; name = Crashlytics.framework; path = Pods/Crashlytics/Crashlytics.framework; sourceTree = "<group>"; };
		BFC81E9D1DFA9E6600ADC291 /* UMMobClick.framework */ = {isa = PBXFileReference; lastKnownFileType = wrapper.framework; name = UMMobClick.framework; path = "Pods/UMengAnalytics-NO-IDFA/umsdk_IOS_analyics_no-idfa_v4.1.5/UMMobClick.framework"; sourceTree = "<group>"; };
		DFB87B95C21847F47B3B5B8C /* Pods_wp.framework */ = {isa = PBXFileReference; explicitFileType = wrapper.framework; includeInIndex = 0; path = Pods_wp.framework; sourceTree = BUILT_PRODUCTS_DIR; };
/* End PBXFileReference section */

/* Begin PBXFrameworksBuildPhase section */
		B0CF59DA1DE5BEC300C40C9C /* Frameworks */ = {
			isa = PBXFrameworksBuildPhase;
			buildActionMask = 2147483647;
			files = (
				BF8648D51E023AA600D9EFB4 /* libGeTuiSdk-1.4.3.a in Frameworks */,
				BF87C3741E023A180074D696 /* CoreTelephony.framework in Frameworks */,
				BFC81E9E1DFA9E6600ADC291 /* UMMobClick.framework in Frameworks */,
				B02DB25C1DF985B70044F910 /* libsqlite3.tbd in Frameworks */,
				BFA9FAB31DF6AEBF00E2A67C /* Crashlytics.framework in Frameworks */,
				BFA9FAB11DF6AEAE00E2A67C /* Fabric.framework in Frameworks */,
				BF87C3591E02368B0074D696 /* OEZCommSDK.framework in Frameworks */,
				B08673461DE5C4C0008DD8A1 /* libstdc++.tbd in Frameworks */,
				2FFBC4EC1DF8EF190039A0E6 /* MapKit.framework in Frameworks */,
				ADC823AD840BA6E48877092D /* Pods_nineSister.framework in Frameworks */,
				67563DCFE7C11C493D5E3BE0 /* Pods_wp.framework in Frameworks */,
			);
			runOnlyForDeploymentPostprocessing = 0;
		};
/* End PBXFrameworksBuildPhase section */

/* Begin PBXGroup section */
		10CEA088AA8041FD84B55B62 /* Frameworks */ = {
			isa = PBXGroup;
			children = (
				BF8648D01E023A6900D9EFB4 /* GTSDK */,
				BF87C3731E023A180074D696 /* CoreTelephony.framework */,
				2FFBC4EB1DF8EF190039A0E6 /* MapKit.framework */,
				BFC81E9D1DFA9E6600ADC291 /* UMMobClick.framework */,
				B02DB25B1DF985B70044F910 /* libsqlite3.tbd */,
				BFA9FAB21DF6AEBF00E2A67C /* Crashlytics.framework */,
				BFA9FAB01DF6AEAE00E2A67C /* Fabric.framework */,
				B08673451DE5C4C0008DD8A1 /* libstdc++.tbd */,
				B08673431DE5C4B6008DD8A1 /* libc++.tbd */,
				B94EA5E418699240B04889F4 /* Pods_nineSister.framework */,
				DFB87B95C21847F47B3B5B8C /* Pods_wp.framework */,
			);
			name = Frameworks;
			sourceTree = "<group>";
		};
		568B61F3BC4BD4BB15E8999D /* Pods */ = {
			isa = PBXGroup;
			children = (
				34A71E9057EC9BB492D14F0B /* Pods-wp.debug.xcconfig */,
				B98FE441DF748DDEE0C03077 /* Pods-wp.release.xcconfig */,
			);
			name = Pods;
			sourceTree = "<group>";
		};
		B0CF59D41DE5BEC300C40C9C = {
			isa = PBXGroup;
			children = (
				BF87C2E01E02368B0074D696 /* wp */,
				B0CF59DE1DE5BEC300C40C9C /* Products */,
				568B61F3BC4BD4BB15E8999D /* Pods */,
				10CEA088AA8041FD84B55B62 /* Frameworks */,
			);
			sourceTree = "<group>";
		};
		B0CF59DE1DE5BEC300C40C9C /* Products */ = {
			isa = PBXGroup;
			children = (
				B0CF59DD1DE5BEC300C40C9C /* wp.app */,
			);
			name = Products;
			sourceTree = "<group>";
		};
		BF8648D01E023A6900D9EFB4 /* GTSDK */ = {
			isa = PBXGroup;
			children = (
				BF8648D11E023A6900D9EFB4 /* GeTuiSdk.h */,
				BF8648D21E023A6900D9EFB4 /* libGeTuiSdk-1.4.3.a */,
				BF8648D31E023A6900D9EFB4 /* LICENSE */,
				BF8648D41E023A6900D9EFB4 /* README.md */,
			);
			name = GTSDK;
			path = Pods/GTSDK;
			sourceTree = "<group>";
		};
		BF87C2E01E02368B0074D696 /* wp */ = {
			isa = PBXGroup;
			children = (
				BF87C2E11E02368B0074D696 /* AppAPI */,
				BF87C2F81E02368B0074D696 /* General */,
				BF87C30D1E02368B0074D696 /* Library */,
				BF87C3111E02368B0074D696 /* Marco */,
				BF87C3151E02368B0074D696 /* Model */,
				BF87C31C1E02368B0074D696 /* Other */,
				BF87C31F1E02368B0074D696 /* Resource */,
				BF87C3271E02368B0074D696 /* Scenes */,
			);
			name = wp;
			path = nineSister;
			sourceTree = "<group>";
		};
		BF87C2E11E02368B0074D696 /* AppAPI */ = {
			isa = PBXGroup;
			children = (
				BF87C2E21E02368B0074D696 /* AppAPIHelper.swift */,
				BF87C2E61E02368B0074D696 /* SocketAPI */,
			);
			path = AppAPI;
			sourceTree = "<group>";
		};
		BF87C2E61E02368B0074D696 /* SocketAPI */ = {
			isa = PBXGroup;
			children = (
				BF87C2E71E02368B0074D696 /* BaseSocketAPI.swift */,
				BF87C2ED1E02368B0074D696 /* SocketConst.swift */,
				BF87C2EE1E02368B0074D696 /* SocketReqeust */,
			);
			path = SocketAPI;
			sourceTree = "<group>";
		};
		BF87C2EE1E02368B0074D696 /* SocketReqeust */ = {
			isa = PBXGroup;
			children = (
				BF87C2EF1E02368B0074D696 /* APISocketHelper.swift */,
				BF87C2F01E02368B0074D696 /* SocketDataPacket.swift */,
				BF87C2F11E02368B0074D696 /* SocketRequest.swift */,
				BF87C2F21E02368B0074D696 /* SocketRequestManage.swift */,
				BF87C2F31E02368B0074D696 /* SocketResponse.swift */,
			);
			path = SocketReqeust;
			sourceTree = "<group>";
		};
		BF87C2F81E02368B0074D696 /* General */ = {
			isa = PBXGroup;
			children = (
				BF87C2F91E02368B0074D696 /* Base */,
				BF87C2FD1E02368B0074D696 /* CustomView */,
				BF87C2FE1E02368B0074D696 /* Extension */,
				BF87C3061E02368B0074D696 /* Helper */,
			);
			path = General;
			sourceTree = "<group>";
		};
		BF87C2F91E02368B0074D696 /* Base */ = {
			isa = PBXGroup;
			children = (
				BF87C2FA1E02368B0074D696 /* BaseCustomTableViewController.swift */,
				BF87C2FB1E02368B0074D696 /* BaseTableViewController.swift */,
				BF87C2FC1E02368B0074D696 /* SegmentedViewController.swift */,
			);
			path = Base;
			sourceTree = "<group>";
		};
		BF87C2FD1E02368B0074D696 /* CustomView */ = {
			isa = PBXGroup;
			children = (
			);
			path = CustomView;
			sourceTree = "<group>";
		};
		BF87C2FE1E02368B0074D696 /* Extension */ = {
			isa = PBXGroup;
			children = (
				BF87C2FF1E02368B0074D696 /* NSDateExt.swift */,
				BF87C3001E02368B0074D696 /* String+Extension.swift */,
				BF87C3011E02368B0074D696 /* SVProgressHUDExt.swift */,
				BF87C3021E02368B0074D696 /* UIFont+Extension.swift */,
				BF87C3031E02368B0074D696 /* UIScreen+Extension.swift */,
				BF87C3041E02368B0074D696 /* UITableView+Extension.swift */,
				BF87C3051E02368B0074D696 /* UIViewController+Extension.swift */,
			);
			path = Extension;
			sourceTree = "<group>";
		};
		BF87C3061E02368B0074D696 /* Helper */ = {
			isa = PBXGroup;
			children = (
				BF87C30B1E02368B0074D696 /* EmojiFaceHelper.swift */,
				BF87C30C1E02368B0074D696 /* TableViewHelper.swift */,
			);
			path = Helper;
			sourceTree = "<group>";
		};
		BF87C30D1E02368B0074D696 /* Library */ = {
			isa = PBXGroup;
			children = (
				BF87C30E1E02368B0074D696 /* MJRefresh */,
				BF87C3101E02368B0074D696 /* OEZCommSDK.framework */,
			);
			path = Library;
			sourceTree = "<group>";
		};
		BF87C30E1E02368B0074D696 /* MJRefresh */ = {
			isa = PBXGroup;
			children = (
				BF87C30F1E02368B0074D696 /* MJRefresh.bundle */,
			);
			path = MJRefresh;
			sourceTree = "<group>";
		};
		BF87C3111E02368B0074D696 /* Marco */ = {
			isa = PBXGroup;
			children = (
				BF87C3121E02368B0074D696 /* AppConst.swift */,
				BF87C3721E0238560074D696 /* nineSister-Bridging-Header.h */,
			);
			path = Marco;
			sourceTree = "<group>";
		};
		BF87C3151E02368B0074D696 /* Model */ = {
			isa = PBXGroup;
			children = (
				BF87C3161E02368B0074D696 /* BaseModel.swift */,
			);
			path = Model;
			sourceTree = "<group>";
		};
		BF87C31C1E02368B0074D696 /* Other */ = {
			isa = PBXGroup;
			children = (
				BF87C31D1E02368B0074D696 /* AppDelegate.swift */,
				BF87C31E1E02368B0074D696 /* Info.plist */,
			);
			path = Other;
			sourceTree = "<group>";
		};
		BF87C31F1E02368B0074D696 /* Resource */ = {
			isa = PBXGroup;
			children = (
				BF87C3201E02368B0074D696 /* Assets.xcassets */,
				BF87C3211E02368B0074D696 /* LaunchScreen.storyboard */,
				BF87C3231E02368B0074D696 /* Main.storyboard */,
				BF87C3251E02368B0074D696 /* city.plist */,
				BF87C3261E02368B0074D696 /* errorcode.plist */,
			);
			path = Resource;
			sourceTree = "<group>";
		};
		BF87C3271E02368B0074D696 /* Scenes */ = {
			isa = PBXGroup;
			children = (
				BF87C32B1E02368B0074D696 /* MainTabBarController.swift */,
			);
			path = Scenes;
			sourceTree = "<group>";
		};
/* End PBXGroup section */

/* Begin PBXNativeTarget section */
		B0CF59DC1DE5BEC300C40C9C /* wp */ = {
			isa = PBXNativeTarget;
			buildConfigurationList = B0CF59F11DE5BEC300C40C9C /* Build configuration list for PBXNativeTarget "wp" */;
			buildPhases = (
				38EC83A89C6546C0936CFB8E /* [CP] Check Pods Manifest.lock */,
				B0CF59D91DE5BEC300C40C9C /* Sources */,
				B0CF59DA1DE5BEC300C40C9C /* Frameworks */,
				B0CF59DB1DE5BEC300C40C9C /* Resources */,
				20FE2FBA84F3CB41DC07B34E /* [CP] Embed Pods Frameworks */,
				7216018706741901D5FE5A13 /* [CP] Copy Pods Resources */,
				BFEC3F231DF6A73600B36A0E /* ShellScript */,
			);
			buildRules = (
			);
			dependencies = (
			);
			name = wp;
			productName = viossvc;
			productReference = B0CF59DD1DE5BEC300C40C9C /* wp.app */;
			productType = "com.apple.product-type.application";
		};
/* End PBXNativeTarget section */

/* Begin PBXProject section */
		B0CF59D51DE5BEC300C40C9C /* Project object */ = {
			isa = PBXProject;
			attributes = {
				LastSwiftUpdateCheck = 0730;
				LastUpgradeCheck = 0730;
				ORGANIZATIONNAME = com.yundian;
				TargetAttributes = {
					B0CF59DC1DE5BEC300C40C9C = {
						CreatedOnToolsVersion = 7.3.1;
						LastSwiftMigration = 0820;
						SystemCapabilities = {
							com.apple.BackgroundModes = {
								enabled = 1;
							};
							com.apple.Maps.iOS = {
								enabled = 1;
							};
							com.apple.Push = {
								enabled = 1;
							};
						};
					};
				};
			};
			buildConfigurationList = B0CF59D81DE5BEC300C40C9C /* Build configuration list for PBXProject "wp" */;
			compatibilityVersion = "Xcode 3.2";
			developmentRegion = English;
			hasScannedForEncodings = 0;
			knownRegions = (
				en,
				Base,
			);
			mainGroup = B0CF59D41DE5BEC300C40C9C;
			productRefGroup = B0CF59DE1DE5BEC300C40C9C /* Products */;
			projectDirPath = "";
			projectRoot = "";
			targets = (
				B0CF59DC1DE5BEC300C40C9C /* wp */,
			);
		};
/* End PBXProject section */

/* Begin PBXResourcesBuildPhase section */
		B0CF59DB1DE5BEC300C40C9C /* Resources */ = {
			isa = PBXResourcesBuildPhase;
			buildActionMask = 2147483647;
			files = (
				BF87C3621E02368B0074D696 /* Info.plist in Resources */,
				BF87C3651E02368B0074D696 /* Main.storyboard in Resources */,
				BF87C3641E02368B0074D696 /* LaunchScreen.storyboard in Resources */,
				BF87C3671E02368B0074D696 /* errorcode.plist in Resources */,
				BF87C3661E02368B0074D696 /* city.plist in Resources */,
				BF87C3631E02368B0074D696 /* Assets.xcassets in Resources */,
				BF87C3581E02368B0074D696 /* MJRefresh.bundle in Resources */,
			);
			runOnlyForDeploymentPostprocessing = 0;
		};
/* End PBXResourcesBuildPhase section */

/* Begin PBXShellScriptBuildPhase section */
		20FE2FBA84F3CB41DC07B34E /* [CP] Embed Pods Frameworks */ = {
			isa = PBXShellScriptBuildPhase;
			buildActionMask = 2147483647;
			files = (
			);
			inputPaths = (
			);
			name = "[CP] Embed Pods Frameworks";
			outputPaths = (
			);
			runOnlyForDeploymentPostprocessing = 0;
			shellPath = /bin/sh;
			shellScript = "\"${SRCROOT}/Pods/Target Support Files/Pods-wp/Pods-wp-frameworks.sh\"\n";
			showEnvVarsInLog = 0;
		};
		38EC83A89C6546C0936CFB8E /* [CP] Check Pods Manifest.lock */ = {
			isa = PBXShellScriptBuildPhase;
			buildActionMask = 2147483647;
			files = (
			);
			inputPaths = (
			);
			name = "[CP] Check Pods Manifest.lock";
			outputPaths = (
			);
			runOnlyForDeploymentPostprocessing = 0;
			shellPath = /bin/sh;
			shellScript = "diff \"${PODS_ROOT}/../Podfile.lock\" \"${PODS_ROOT}/Manifest.lock\" > /dev/null\nif [[ $? != 0 ]] ; then\n    cat << EOM\nerror: The sandbox is not in sync with the Podfile.lock. Run 'pod install' or update your CocoaPods installation.\nEOM\n    exit 1\nfi\n";
			showEnvVarsInLog = 0;
		};
		7216018706741901D5FE5A13 /* [CP] Copy Pods Resources */ = {
			isa = PBXShellScriptBuildPhase;
			buildActionMask = 2147483647;
			files = (
			);
			inputPaths = (
			);
			name = "[CP] Copy Pods Resources";
			outputPaths = (
			);
			runOnlyForDeploymentPostprocessing = 0;
			shellPath = /bin/sh;
			shellScript = "\"${SRCROOT}/Pods/Target Support Files/Pods-wp/Pods-wp-resources.sh\"\n";
			showEnvVarsInLog = 0;
		};
		BFEC3F231DF6A73600B36A0E /* ShellScript */ = {
			isa = PBXShellScriptBuildPhase;
			buildActionMask = 2147483647;
			files = (
			);
			inputPaths = (
			);
			outputPaths = (
			);
			runOnlyForDeploymentPostprocessing = 0;
			shellPath = /bin/sh;
			shellScript = "\"${PODS_ROOT}/Fabric/run\" 13b0dd85b007ad78249b02fc26fa3972dff8da79 09fbffcee88c3bfa1086819566cdaf4b4c0f451fe57b9699cd9525804778308d";
		};
/* End PBXShellScriptBuildPhase section */

/* Begin PBXSourcesBuildPhase section */
		B0CF59D91DE5BEC300C40C9C /* Sources */ = {
			isa = PBXSourcesBuildPhase;
			buildActionMask = 2147483647;
			files = (
				BF87C3611E02368B0074D696 /* AppDelegate.swift in Sources */,
				BF87C3411E02368B0074D696 /* SocketRequest.swift in Sources */,
				BF87C3681E02368B0074D696 /* MainTabBarController.swift in Sources */,
				BF87C3421E02368B0074D696 /* SocketRequestManage.swift in Sources */,
				BF87C3481E02368B0074D696 /* BaseCustomTableViewController.swift in Sources */,
				BF87C34E1E02368B0074D696 /* UIFont+Extension.swift in Sources */,
				BF87C33E1E02368B0074D696 /* SocketConst.swift in Sources */,
				BF87C34C1E02368B0074D696 /* String+Extension.swift in Sources */,
				BF87C3431E02368B0074D696 /* SocketResponse.swift in Sources */,
				BF87C35A1E02368B0074D696 /* AppConst.swift in Sources */,
				BF87C3381E02368B0074D696 /* BaseSocketAPI.swift in Sources */,
				BF87C34B1E02368B0074D696 /* NSDateExt.swift in Sources */,
				BF87C34F1E02368B0074D696 /* UIScreen+Extension.swift in Sources */,
				BF87C35B1E02368B0074D696 /* BaseModel.swift in Sources */,
				BF87C3401E02368B0074D696 /* SocketDataPacket.swift in Sources */,
				BF87C3511E02368B0074D696 /* UIViewController+Extension.swift in Sources */,
				BF87C3501E02368B0074D696 /* UITableView+Extension.swift in Sources */,
				BF87C3341E02368B0074D696 /* AppAPIHelper.swift in Sources */,
				BF87C34A1E02368B0074D696 /* SegmentedViewController.swift in Sources */,
				BF87C3571E02368B0074D696 /* TableViewHelper.swift in Sources */,
				BF87C3561E02368B0074D696 /* EmojiFaceHelper.swift in Sources */,
				BF87C3491E02368B0074D696 /* BaseTableViewController.swift in Sources */,
				BF87C33F1E02368B0074D696 /* APISocketHelper.swift in Sources */,
				BF87C34D1E02368B0074D696 /* SVProgressHUDExt.swift in Sources */,
			);
			runOnlyForDeploymentPostprocessing = 0;
		};
/* End PBXSourcesBuildPhase section */

/* Begin PBXVariantGroup section */
		BF87C3211E02368B0074D696 /* LaunchScreen.storyboard */ = {
			isa = PBXVariantGroup;
			children = (
				BF87C3221E02368B0074D696 /* Base */,
			);
			name = LaunchScreen.storyboard;
			sourceTree = "<group>";
		};
		BF87C3231E02368B0074D696 /* Main.storyboard */ = {
			isa = PBXVariantGroup;
			children = (
				BF87C3241E02368B0074D696 /* Base */,
			);
			name = Main.storyboard;
			sourceTree = "<group>";
		};
/* End PBXVariantGroup section */

/* Begin XCBuildConfiguration section */
		B0CF59EF1DE5BEC300C40C9C /* Debug */ = {
			isa = XCBuildConfiguration;
			buildSettings = {
				ALWAYS_SEARCH_USER_PATHS = NO;
				CLANG_ANALYZER_NONNULL = YES;
				CLANG_CXX_LANGUAGE_STANDARD = "gnu++0x";
				CLANG_CXX_LIBRARY = "libc++";
				CLANG_ENABLE_MODULES = YES;
				CLANG_ENABLE_OBJC_ARC = YES;
				CLANG_WARN_BOOL_CONVERSION = YES;
				CLANG_WARN_CONSTANT_CONVERSION = YES;
				CLANG_WARN_DIRECT_OBJC_ISA_USAGE = YES_ERROR;
				CLANG_WARN_EMPTY_BODY = YES;
				CLANG_WARN_ENUM_CONVERSION = YES;
				CLANG_WARN_INT_CONVERSION = YES;
				CLANG_WARN_OBJC_ROOT_CLASS = YES_ERROR;
				CLANG_WARN_UNREACHABLE_CODE = YES;
				CLANG_WARN__DUPLICATE_METHOD_MATCH = YES;
				CODE_SIGN_IDENTITY = "iPhone Developer";
				"CODE_SIGN_IDENTITY[sdk=iphoneos*]" = "iPhone Developer";
				COPY_PHASE_STRIP = NO;
				DEBUG_INFORMATION_FORMAT = dwarf;
				ENABLE_STRICT_OBJC_MSGSEND = YES;
				ENABLE_TESTABILITY = YES;
				GCC_C_LANGUAGE_STANDARD = gnu99;
				GCC_DYNAMIC_NO_PIC = NO;
				GCC_NO_COMMON_BLOCKS = YES;
				GCC_OPTIMIZATION_LEVEL = 0;
				GCC_PREPROCESSOR_DEFINITIONS = (
					"DEBUG=1",
					"$(inherited)",
				);
				GCC_WARN_64_TO_32_BIT_CONVERSION = YES;
				GCC_WARN_ABOUT_RETURN_TYPE = YES_ERROR;
				GCC_WARN_UNDECLARED_SELECTOR = YES;
				GCC_WARN_UNINITIALIZED_AUTOS = YES_AGGRESSIVE;
				GCC_WARN_UNUSED_FUNCTION = YES;
				GCC_WARN_UNUSED_VARIABLE = YES;
				IPHONEOS_DEPLOYMENT_TARGET = 9.3;
				MTL_ENABLE_DEBUG_INFO = YES;
				ONLY_ACTIVE_ARCH = YES;
				SDKROOT = iphoneos;
				SWIFT_OPTIMIZATION_LEVEL = "-Onone";
			};
			name = Debug;
		};
		B0CF59F01DE5BEC300C40C9C /* Release */ = {
			isa = XCBuildConfiguration;
			buildSettings = {
				ALWAYS_SEARCH_USER_PATHS = NO;
				CLANG_ANALYZER_NONNULL = YES;
				CLANG_CXX_LANGUAGE_STANDARD = "gnu++0x";
				CLANG_CXX_LIBRARY = "libc++";
				CLANG_ENABLE_MODULES = YES;
				CLANG_ENABLE_OBJC_ARC = YES;
				CLANG_WARN_BOOL_CONVERSION = YES;
				CLANG_WARN_CONSTANT_CONVERSION = YES;
				CLANG_WARN_DIRECT_OBJC_ISA_USAGE = YES_ERROR;
				CLANG_WARN_EMPTY_BODY = YES;
				CLANG_WARN_ENUM_CONVERSION = YES;
				CLANG_WARN_INT_CONVERSION = YES;
				CLANG_WARN_OBJC_ROOT_CLASS = YES_ERROR;
				CLANG_WARN_UNREACHABLE_CODE = YES;
				CLANG_WARN__DUPLICATE_METHOD_MATCH = YES;
				CODE_SIGN_IDENTITY = "iPhone Distribution: Zhejiang palm Easy Tour Network Technology Co., Ltd.";
				"CODE_SIGN_IDENTITY[sdk=iphoneos*]" = "iPhone Distribution: Zhejiang palm Easy Tour Network Technology Co., Ltd.";
				COPY_PHASE_STRIP = NO;
				DEBUG_INFORMATION_FORMAT = "dwarf-with-dsym";
				ENABLE_NS_ASSERTIONS = NO;
				ENABLE_STRICT_OBJC_MSGSEND = YES;
				GCC_C_LANGUAGE_STANDARD = gnu99;
				GCC_NO_COMMON_BLOCKS = YES;
				GCC_WARN_64_TO_32_BIT_CONVERSION = YES;
				GCC_WARN_ABOUT_RETURN_TYPE = YES_ERROR;
				GCC_WARN_UNDECLARED_SELECTOR = YES;
				GCC_WARN_UNINITIALIZED_AUTOS = YES_AGGRESSIVE;
				GCC_WARN_UNUSED_FUNCTION = YES;
				GCC_WARN_UNUSED_VARIABLE = YES;
				IPHONEOS_DEPLOYMENT_TARGET = 9.3;
				MTL_ENABLE_DEBUG_INFO = NO;
				PROVISIONING_PROFILE = "43053e43-8348-4899-b17d-5808f6cc6210";
				SDKROOT = iphoneos;
				VALIDATE_PRODUCT = YES;
			};
			name = Release;
		};
		B0CF59F21DE5BEC300C40C9C /* Debug */ = {
			isa = XCBuildConfiguration;
			baseConfigurationReference = 34A71E9057EC9BB492D14F0B /* Pods-wp.debug.xcconfig */;
			buildSettings = {
				ASSETCATALOG_COMPILER_APPICON_NAME = AppIcon;
				CODE_SIGN_IDENTITY = "iPhone Developer";
				"CODE_SIGN_IDENTITY[sdk=iphoneos*]" = "iPhone Developer";
				ENABLE_BITCODE = NO;
				FRAMEWORK_SEARCH_PATHS = (
					"$(inherited)",
					"$(PROJECT_DIR)/Pods/Fabric",
					"$(PROJECT_DIR)/Pods/Crashlytics",
					"$(PROJECT_DIR)/Pods/UMengAnalytics-NO-IDFA/umsdk_IOS_analyics_no-idfa_v4.1.5",
					"$(PROJECT_DIR)/nineSister/Library",
				);
				INFOPLIST_FILE = "$(SRCROOT)/nineSister/Other/Info.plist";
				IPHONEOS_DEPLOYMENT_TARGET = 8.0;
				LD_RUNPATH_SEARCH_PATHS = "$(inherited) @executable_path/Frameworks";
				LIBRARY_SEARCH_PATHS = (
					"$(inherited)",
					"$(PROJECT_DIR)/Pods/GTSDK",
				);
				ONLY_ACTIVE_ARCH = YES;
				OTHER_CFLAGS = (
					"$(inherited)",
					"-iquote",
					"\"$PODS_CONFIGURATION_BUILD_DIR/Alamofire/Alamofire.framework/Headers\"",
				);
				OTHER_LDFLAGS = "-ObjC";
				PRODUCT_BUNDLE_IDENTIFIER = com.yundian.trip;
				PRODUCT_NAME = wp;
				PROVISIONING_PROFILE = "";
				SWIFT_OBJC_BRIDGING_HEADER = "nineSister/Marco/nineSister-Bridging-Header.h";
				SWIFT_VERSION = 3.0;
				VALID_ARCHS = "arm64 armv7s armv7";
			};
			name = Debug;
		};
		B0CF59F31DE5BEC300C40C9C /* Release */ = {
			isa = XCBuildConfiguration;
			baseConfigurationReference = B98FE441DF748DDEE0C03077 /* Pods-wp.release.xcconfig */;
			buildSettings = {
				ASSETCATALOG_COMPILER_APPICON_NAME = AppIcon;
				CODE_SIGN_IDENTITY = "iPhone Distribution: Zhejiang palm Easy Tour Network Technology Co., Ltd.";
				"CODE_SIGN_IDENTITY[sdk=iphoneos*]" = "iPhone Distribution: Zhejiang palm Easy Tour Network Technology Co., Ltd.";
				ENABLE_BITCODE = NO;
				FRAMEWORK_SEARCH_PATHS = (
					"$(inherited)",
					"$(PROJECT_DIR)/Pods/Fabric",
					"$(PROJECT_DIR)/Pods/Crashlytics",
					"$(PROJECT_DIR)/Pods/UMengAnalytics-NO-IDFA/umsdk_IOS_analyics_no-idfa_v4.1.5",
					"$(PROJECT_DIR)/nineSister/Library",
				);
				INFOPLIST_FILE = "$(SRCROOT)/nineSister/Other/Info.plist";
				IPHONEOS_DEPLOYMENT_TARGET = 8.0;
				LD_RUNPATH_SEARCH_PATHS = "$(inherited) @executable_path/Frameworks";
				LIBRARY_SEARCH_PATHS = (
					"$(inherited)",
					"$(PROJECT_DIR)/Pods/GTSDK",
				);
				ONLY_ACTIVE_ARCH = YES;
				OTHER_CFLAGS = (
					"$(inherited)",
					"-iquote",
					"\"$PODS_CONFIGURATION_BUILD_DIR/Alamofire/Alamofire.framework/Headers\"",
				);
				OTHER_LDFLAGS = "-ObjC";
				PRODUCT_BUNDLE_IDENTIFIER = com.yundian.enterprise.assistant;
				PRODUCT_NAME = wp;
				PROVISIONING_PROFILE = "";
				SWIFT_OBJC_BRIDGING_HEADER = "nineSister/Marco/nineSister-Bridging-Header.h";
				SWIFT_VERSION = 3.0;
				VALID_ARCHS = "arm64 armv7s armv7";
			};
			name = Release;
		};
/* End XCBuildConfiguration section */

/* Begin XCConfigurationList section */
		B0CF59D81DE5BEC300C40C9C /* Build configuration list for PBXProject "wp" */ = {
			isa = XCConfigurationList;
			buildConfigurations = (
				B0CF59EF1DE5BEC300C40C9C /* Debug */,
				B0CF59F01DE5BEC300C40C9C /* Release */,
			);
			defaultConfigurationIsVisible = 0;
			defaultConfigurationName = Release;
		};
		B0CF59F11DE5BEC300C40C9C /* Build configuration list for PBXNativeTarget "wp" */ = {
			isa = XCConfigurationList;
			buildConfigurations = (
				B0CF59F21DE5BEC300C40C9C /* Debug */,
				B0CF59F31DE5BEC300C40C9C /* Release */,
			);
			defaultConfigurationIsVisible = 0;
			defaultConfigurationName = Release;
		};
/* End XCConfigurationList section */
	};
	rootObject = B0CF59D51DE5BEC300C40C9C /* Project object */;
}
